
Microsoft Visual Studio Solution File, Format Version 12.00
# Visual Studio Version 16
VisualStudioVersion = 16.0.30517.126
MinimumVisualStudioVersion = 10.0.40219.1
Project("{FAE04EC0-301F-11D3-BF4B-00C04F79EFBC}") = "Ejercicio4.6", "Ejercicio4.6\Ejercicio4.6.csproj", "{93C1B9AC-B3DF-47B4-AFFA-5BBD5AC7F880}"
EndProject
Global
	GlobalSection(SolutionConfigurationPlatforms) = preSolution
		Debug|Any CPU = Debug|Any CPU
		Release|Any CPU = Release|Any CPU
	EndGlobalSection
	GlobalSection(ProjectConfigurationPlatforms) = postSolution
		{93C1B9AC-B3DF-47B4-AFFA-5BBD5AC7F880}.Debug|Any CPU.ActiveCfg = Debug|Any CPU
		{93C1B9AC-B3DF-47B4-AFFA-5BBD5AC7F880}.Debug|Any CPU.Build.0 = Debug|Any CPU
		{93C1B9AC-B3DF-47B4-AFFA-5BBD5AC7F880}.Release|Any CPU.ActiveCfg = Release|Any CPU
		{93C1B9AC-B3DF-47B4-AFFA-5BBD5AC7F880}.Release|Any CPU.Build.0 = Release|Any CPU
	EndGlobalSection
	GlobalSection(SolutionProperties) = preSolution
		HideSolutionNode = FALSE
	EndGlobalSection
	GlobalSection(ExtensibilityGlobals) = postSolution
		SolutionGuid = {762AE486-19A6-4C82-A1A5-50E3A33ACCB5}
	EndGlobalSection
EndGlobal
