
Microsoft Visual Studio Solution File, Format Version 12.00
# Visual Studio Version 16
VisualStudioVersion = 16.0.30517.126
MinimumVisualStudioVersion = 10.0.40219.1
Project("{FAE04EC0-301F-11D3-BF4B-00C04F79EFBC}") = "4Parcial1", "4Parcial1\4Parcial1.csproj", "{4C30D978-7F9C-409B-AC91-5A716D6950F4}"
EndProject
Global
	GlobalSection(SolutionConfigurationPlatforms) = preSolution
		Debug|Any CPU = Debug|Any CPU
		Release|Any CPU = Release|Any CPU
	EndGlobalSection
	GlobalSection(ProjectConfigurationPlatforms) = postSolution
		{4C30D978-7F9C-409B-AC91-5A716D6950F4}.Debug|Any CPU.ActiveCfg = Debug|Any CPU
		{4C30D978-7F9C-409B-AC91-5A716D6950F4}.Debug|Any CPU.Build.0 = Debug|Any CPU
		{4C30D978-7F9C-409B-AC91-5A716D6950F4}.Release|Any CPU.ActiveCfg = Release|Any CPU
		{4C30D978-7F9C-409B-AC91-5A716D6950F4}.Release|Any CPU.Build.0 = Release|Any CPU
	EndGlobalSection
	GlobalSection(SolutionProperties) = preSolution
		HideSolutionNode = FALSE
	EndGlobalSection
	GlobalSection(ExtensibilityGlobals) = postSolution
		SolutionGuid = {C20F2520-178E-443B-A28E-0ADE6B4E0523}
	EndGlobalSection
EndGlobal
