
Microsoft Visual Studio Solution File, Format Version 12.00
# Visual Studio Version 16
VisualStudioVersion = 16.0.30517.126
MinimumVisualStudioVersion = 10.0.40219.1
Project("{FAE04EC0-301F-11D3-BF4B-00C04F79EFBC}") = "Examen_2Parcial_INTPROG", "Examen_2Parcial_INTPROG\Examen_2Parcial_INTPROG.csproj", "{FF3FECC6-EEAF-4641-BFF7-ABCD2B8279CA}"
EndProject
Global
	GlobalSection(SolutionConfigurationPlatforms) = preSolution
		Debug|Any CPU = Debug|Any CPU
		Release|Any CPU = Release|Any CPU
	EndGlobalSection
	GlobalSection(ProjectConfigurationPlatforms) = postSolution
		{FF3FECC6-EEAF-4641-BFF7-ABCD2B8279CA}.Debug|Any CPU.ActiveCfg = Debug|Any CPU
		{FF3FECC6-EEAF-4641-BFF7-ABCD2B8279CA}.Debug|Any CPU.Build.0 = Debug|Any CPU
		{FF3FECC6-EEAF-4641-BFF7-ABCD2B8279CA}.Release|Any CPU.ActiveCfg = Release|Any CPU
		{FF3FECC6-EEAF-4641-BFF7-ABCD2B8279CA}.Release|Any CPU.Build.0 = Release|Any CPU
	EndGlobalSection
	GlobalSection(SolutionProperties) = preSolution
		HideSolutionNode = FALSE
	EndGlobalSection
	GlobalSection(ExtensibilityGlobals) = postSolution
		SolutionGuid = {5D09A890-FA4E-46B9-BA3D-376F3A4A5A1F}
	EndGlobalSection
EndGlobal
