
Microsoft Visual Studio Solution File, Format Version 12.00
# Visual Studio Version 16
VisualStudioVersion = 16.0.30711.63
MinimumVisualStudioVersion = 10.0.40219.1
Project("{FAE04EC0-301F-11D3-BF4B-00C04F79EFBC}") = "InterfazUsuario", "InterfazUsuario\InterfazUsuario.csproj", "{7C01CECC-2E16-4ACE-844A-F241199DD71F}"
EndProject
Global
	GlobalSection(SolutionConfigurationPlatforms) = preSolution
		Debug|Any CPU = Debug|Any CPU
		Release|Any CPU = Release|Any CPU
	EndGlobalSection
	GlobalSection(ProjectConfigurationPlatforms) = postSolution
		{7C01CECC-2E16-4ACE-844A-F241199DD71F}.Debug|Any CPU.ActiveCfg = Debug|Any CPU
		{7C01CECC-2E16-4ACE-844A-F241199DD71F}.Debug|Any CPU.Build.0 = Debug|Any CPU
		{7C01CECC-2E16-4ACE-844A-F241199DD71F}.Release|Any CPU.ActiveCfg = Release|Any CPU
		{7C01CECC-2E16-4ACE-844A-F241199DD71F}.Release|Any CPU.Build.0 = Release|Any CPU
	EndGlobalSection
	GlobalSection(SolutionProperties) = preSolution
		HideSolutionNode = FALSE
	EndGlobalSection
	GlobalSection(ExtensibilityGlobals) = postSolution
		SolutionGuid = {4B71950D-AB59-4F86-B50C-EDD920B5861F}
	EndGlobalSection
EndGlobal
