
Microsoft Visual Studio Solution File, Format Version 12.00
# Visual Studio Version 16
VisualStudioVersion = 16.0.30517.126
MinimumVisualStudioVersion = 10.0.40219.1
Project("{FAE04EC0-301F-11D3-BF4B-00C04F79EFBC}") = "Ejercicio4.9", "Ejercicio4.9\Ejercicio4.9.csproj", "{D64E6AA7-CD00-4254-98A9-351CE197044D}"
EndProject
Global
	GlobalSection(SolutionConfigurationPlatforms) = preSolution
		Debug|Any CPU = Debug|Any CPU
		Release|Any CPU = Release|Any CPU
	EndGlobalSection
	GlobalSection(ProjectConfigurationPlatforms) = postSolution
		{D64E6AA7-CD00-4254-98A9-351CE197044D}.Debug|Any CPU.ActiveCfg = Debug|Any CPU
		{D64E6AA7-CD00-4254-98A9-351CE197044D}.Debug|Any CPU.Build.0 = Debug|Any CPU
		{D64E6AA7-CD00-4254-98A9-351CE197044D}.Release|Any CPU.ActiveCfg = Release|Any CPU
		{D64E6AA7-CD00-4254-98A9-351CE197044D}.Release|Any CPU.Build.0 = Release|Any CPU
	EndGlobalSection
	GlobalSection(SolutionProperties) = preSolution
		HideSolutionNode = FALSE
	EndGlobalSection
	GlobalSection(ExtensibilityGlobals) = postSolution
		SolutionGuid = {C61A0E22-E0AE-407C-B1C2-B0949196534B}
	EndGlobalSection
EndGlobal
