
Microsoft Visual Studio Solution File, Format Version 12.00
# Visual Studio Version 16
VisualStudioVersion = 16.0.30517.126
MinimumVisualStudioVersion = 10.0.40219.1
Project("{FAE04EC0-301F-11D3-BF4B-00C04F79EFBC}") = "LimiteCredito", "LimiteCredito\LimiteCredito.csproj", "{8E162C06-7EC5-4367-8840-09E1D0DBD243}"
EndProject
Global
	GlobalSection(SolutionConfigurationPlatforms) = preSolution
		Debug|Any CPU = Debug|Any CPU
		Release|Any CPU = Release|Any CPU
	EndGlobalSection
	GlobalSection(ProjectConfigurationPlatforms) = postSolution
		{8E162C06-7EC5-4367-8840-09E1D0DBD243}.Debug|Any CPU.ActiveCfg = Debug|Any CPU
		{8E162C06-7EC5-4367-8840-09E1D0DBD243}.Debug|Any CPU.Build.0 = Debug|Any CPU
		{8E162C06-7EC5-4367-8840-09E1D0DBD243}.Release|Any CPU.ActiveCfg = Release|Any CPU
		{8E162C06-7EC5-4367-8840-09E1D0DBD243}.Release|Any CPU.Build.0 = Release|Any CPU
	EndGlobalSection
	GlobalSection(SolutionProperties) = preSolution
		HideSolutionNode = FALSE
	EndGlobalSection
	GlobalSection(ExtensibilityGlobals) = postSolution
		SolutionGuid = {91094B9B-12FF-4467-B7F2-59487FA23B3F}
	EndGlobalSection
EndGlobal
